{
  "name": "frontend",
  "version": "1.0.0",
  "lockfileVersion": 3,
  "requires": true,
  "packages": {
    "": {
      "name": "frontend",
      "version": "1.0.0",
      "license": "ISC",
      "dependencies": {
        "scichart": "^4.0.920"
      }
    },
    "node_modules/scichart": {
      "version": "4.0.920",
      "resolved": "https://registry.npmjs.org/scichart/-/scichart-4.0.920.tgz",
      "integrity": "sha512-9gytVA4d8XQ33C0bTQ/TyXGqG0vH3bslGKy4Gq2hWgNUFx20h+TwpfW/zHHk7uAWTZ8MouTkCpxv9LwTe4GpCw==",
      "license": "https://www.scichart.com/scichart-eula"
    }
  }
}
